
Microsoft Visual Studio Solution File, Format Version 12.00
Project("{FAE04EC0-301F-11D3-BF4B-00C04F79EFBC}") = "Web", "Web\Web.csproj", "{3E8B91B4-88D0-482F-B6B9-819470618D68}"
EndProject
Project("{2150E333-8FDC-42A3-9474-1A3956D46DE8}") = "src", "src", "{37B544B1-A842-4DC1-9C31-E14ECDF0D747}"
EndProject
Global
	GlobalSection(SolutionConfigurationPlatforms) = preSolution
		Debug|Any CPU = Debug|Any CPU
		Release|Any CPU = Release|Any CPU
	EndGlobalSection
	GlobalSection(ProjectConfigurationPlatforms) = postSolution
		{3E8B91B4-88D0-482F-B6B9-819470618D68}.Debug|Any CPU.ActiveCfg = Debug|Any CPU
		{3E8B91B4-88D0-482F-B6B9-819470618D68}.Debug|Any CPU.Build.0 = Debug|Any CPU
		{3E8B91B4-88D0-482F-B6B9-819470618D68}.Release|Any CPU.ActiveCfg = Release|Any CPU
		{3E8B91B4-88D0-482F-B6B9-819470618D68}.Release|Any CPU.Build.0 = Release|Any CPU
	EndGlobalSection
	GlobalSection(NestedProjects) = preSolution
		{3E8B91B4-88D0-482F-B6B9-819470618D68} = {37B544B1-A842-4DC1-9C31-E14ECDF0D747}
	EndGlobalSection
EndGlobal
