
Microsoft Visual Studio Solution File, Format Version 12.00
Project("{FAE04EC0-301F-11D3-BF4B-00C04F79EFBC}") = "Web", "Web\Web.csproj", "{3E8B91B4-88D0-482F-B6B9-819470618D68}"
EndProject
Project("{2150E333-8FDC-42A3-9474-1A3956D46DE8}") = "src", "src", "{37B544B1-A842-4DC1-9C31-E14ECDF0D747}"
EndProject
Project("{FAE04EC0-301F-11D3-BF4B-00C04F79EFBC}") = "Domain", "Domain\Domain.csproj", "{D69EB1ED-C914-4AA2-B7BA-A0C90DE42962}"
EndProject
Project("{FAE04EC0-301F-11D3-BF4B-00C04F79EFBC}") = "Persistence", "Persistence\Persistence.csproj", "{15CE8088-3A9B-49CA-AECE-1E84A7A5FC3A}"
EndProject
Project("{FAE04EC0-301F-11D3-BF4B-00C04F79EFBC}") = "Persistence.Contracts", "Persistence.Contracts\Persistence.Contracts.csproj", "{230E0B32-0037-4118-A76B-6FF1BB58A873}"
EndProject
Project("{2150E333-8FDC-42A3-9474-1A3956D46DE8}") = "infrastructure", "infrastructure", "{7B3B6320-F51C-4372-BFEC-E228C83E1733}"
EndProject
Project("{2150E333-8FDC-42A3-9474-1A3956D46DE8}") = "contracts", "contracts", "{846AE3A7-6F89-4860-8EF6-3DCA7A2B0A1A}"
EndProject
Project("{FAE04EC0-301F-11D3-BF4B-00C04F79EFBC}") = "Application.Contracts", "Application.Contracts\Application.Contracts.csproj", "{36D7451E-0EC3-46A7-A8A0-BEC64A7F7581}"
EndProject
Project("{FAE04EC0-301F-11D3-BF4B-00C04F79EFBC}") = "Application", "Application\Application.csproj", "{7971178F-A33A-407C-89F0-D11879664B5A}"
EndProject
Project("{2150E333-8FDC-42A3-9474-1A3956D46DE8}") = "Solution Items", "Solution Items", "{9563A353-48C9-484A-A8D5-4F5F6153577D}"
	ProjectSection(SolutionItems) = preProject
		docker-compose.yml = docker-compose.yml
		global.json = global.json
		Directory.Build.props = Directory.Build.props
		Directory.Packages.props = Directory.Packages.props
	EndProjectSection
EndProject
Global
	GlobalSection(SolutionConfigurationPlatforms) = preSolution
		Debug|Any CPU = Debug|Any CPU
		Release|Any CPU = Release|Any CPU
	EndGlobalSection
	GlobalSection(ProjectConfigurationPlatforms) = postSolution
		{3E8B91B4-88D0-482F-B6B9-819470618D68}.Debug|Any CPU.ActiveCfg = Debug|Any CPU
		{3E8B91B4-88D0-482F-B6B9-819470618D68}.Debug|Any CPU.Build.0 = Debug|Any CPU
		{3E8B91B4-88D0-482F-B6B9-819470618D68}.Release|Any CPU.ActiveCfg = Release|Any CPU
		{3E8B91B4-88D0-482F-B6B9-819470618D68}.Release|Any CPU.Build.0 = Release|Any CPU
		{D69EB1ED-C914-4AA2-B7BA-A0C90DE42962}.Debug|Any CPU.ActiveCfg = Debug|Any CPU
		{D69EB1ED-C914-4AA2-B7BA-A0C90DE42962}.Debug|Any CPU.Build.0 = Debug|Any CPU
		{D69EB1ED-C914-4AA2-B7BA-A0C90DE42962}.Release|Any CPU.ActiveCfg = Release|Any CPU
		{D69EB1ED-C914-4AA2-B7BA-A0C90DE42962}.Release|Any CPU.Build.0 = Release|Any CPU
		{15CE8088-3A9B-49CA-AECE-1E84A7A5FC3A}.Debug|Any CPU.ActiveCfg = Debug|Any CPU
		{15CE8088-3A9B-49CA-AECE-1E84A7A5FC3A}.Debug|Any CPU.Build.0 = Debug|Any CPU
		{15CE8088-3A9B-49CA-AECE-1E84A7A5FC3A}.Release|Any CPU.ActiveCfg = Release|Any CPU
		{15CE8088-3A9B-49CA-AECE-1E84A7A5FC3A}.Release|Any CPU.Build.0 = Release|Any CPU
		{230E0B32-0037-4118-A76B-6FF1BB58A873}.Debug|Any CPU.ActiveCfg = Debug|Any CPU
		{230E0B32-0037-4118-A76B-6FF1BB58A873}.Debug|Any CPU.Build.0 = Debug|Any CPU
		{230E0B32-0037-4118-A76B-6FF1BB58A873}.Release|Any CPU.ActiveCfg = Release|Any CPU
		{230E0B32-0037-4118-A76B-6FF1BB58A873}.Release|Any CPU.Build.0 = Release|Any CPU
		{36D7451E-0EC3-46A7-A8A0-BEC64A7F7581}.Debug|Any CPU.ActiveCfg = Debug|Any CPU
		{36D7451E-0EC3-46A7-A8A0-BEC64A7F7581}.Debug|Any CPU.Build.0 = Debug|Any CPU
		{36D7451E-0EC3-46A7-A8A0-BEC64A7F7581}.Release|Any CPU.ActiveCfg = Release|Any CPU
		{36D7451E-0EC3-46A7-A8A0-BEC64A7F7581}.Release|Any CPU.Build.0 = Release|Any CPU
		{7971178F-A33A-407C-89F0-D11879664B5A}.Debug|Any CPU.ActiveCfg = Debug|Any CPU
		{7971178F-A33A-407C-89F0-D11879664B5A}.Debug|Any CPU.Build.0 = Debug|Any CPU
		{7971178F-A33A-407C-89F0-D11879664B5A}.Release|Any CPU.ActiveCfg = Release|Any CPU
		{7971178F-A33A-407C-89F0-D11879664B5A}.Release|Any CPU.Build.0 = Release|Any CPU
	EndGlobalSection
	GlobalSection(NestedProjects) = preSolution
		{3E8B91B4-88D0-482F-B6B9-819470618D68} = {37B544B1-A842-4DC1-9C31-E14ECDF0D747}
		{D69EB1ED-C914-4AA2-B7BA-A0C90DE42962} = {37B544B1-A842-4DC1-9C31-E14ECDF0D747}
		{7B3B6320-F51C-4372-BFEC-E228C83E1733} = {37B544B1-A842-4DC1-9C31-E14ECDF0D747}
		{846AE3A7-6F89-4860-8EF6-3DCA7A2B0A1A} = {37B544B1-A842-4DC1-9C31-E14ECDF0D747}
		{230E0B32-0037-4118-A76B-6FF1BB58A873} = {846AE3A7-6F89-4860-8EF6-3DCA7A2B0A1A}
		{15CE8088-3A9B-49CA-AECE-1E84A7A5FC3A} = {7B3B6320-F51C-4372-BFEC-E228C83E1733}
		{36D7451E-0EC3-46A7-A8A0-BEC64A7F7581} = {846AE3A7-6F89-4860-8EF6-3DCA7A2B0A1A}
		{7971178F-A33A-407C-89F0-D11879664B5A} = {37B544B1-A842-4DC1-9C31-E14ECDF0D747}
	EndGlobalSection
EndGlobal
